// !$*UTF8*$!
{
	archiveVersion = 1;
	classes = {
	};
	objectVersion = 50;
	objects = {

/* Begin PBXBuildFile section */
		2D88BDC5E3F9FC8B99BAA42F /* Pods_OWStatsUITests.framework in Frameworks */ = {isa = PBXBuildFile; fileRef = 2AC4C58E68C0E3FFB650082F /* Pods_OWStatsUITests.framework */; };
		5A0CC4CB7B705DE6939AE2EE /* Pods_OWStatsTests.framework in Frameworks */ = {isa = PBXBuildFile; fileRef = 6F321371B55AA5D6FFD286AB /* Pods_OWStatsTests.framework */; };
		8C309DE420A9F871004EA442 /* ParentViewController.swift in Sources */ = {isa = PBXBuildFile; fileRef = 8C309DE320A9F870004EA442 /* ParentViewController.swift */; };
		8C309DE620A9FDCB004EA442 /* PlayerStatsViewController.swift in Sources */ = {isa = PBXBuildFile; fileRef = 8C309DE520A9FDCB004EA442 /* PlayerStatsViewController.swift */; };
		8C309DE820A9FDE4004EA442 /* HeroStatsViewController.swift in Sources */ = {isa = PBXBuildFile; fileRef = 8C309DE720A9FDE4004EA442 /* HeroStatsViewController.swift */; };
		8C309DEA20AA0760004EA442 /* AchievementsViewController.swift in Sources */ = {isa = PBXBuildFile; fileRef = 8C309DE920AA0760004EA442 /* AchievementsViewController.swift */; };
		8C309DEC20AA09B8004EA442 /* LiveViewController.swift in Sources */ = {isa = PBXBuildFile; fileRef = 8C309DEB20AA09B8004EA442 /* LiveViewController.swift */; };
		8C4495AA20AAFB1B00CD9C81 /* OWStats.xcdatamodeld in Sources */ = {isa = PBXBuildFile; fileRef = 8C4495A820AAFB1B00CD9C81 /* OWStats.xcdatamodeld */; };
		8C4495AC20AB175000CD9C81 /* AchievementsUtility.swift in Sources */ = {isa = PBXBuildFile; fileRef = 8C4495AB20AB175000CD9C81 /* AchievementsUtility.swift */; };
		8C4495AE20AB1AF100CD9C81 /* UserUtility.swift in Sources */ = {isa = PBXBuildFile; fileRef = 8C4495AD20AB1AF100CD9C81 /* UserUtility.swift */; };
		8C4495B020AB1C4000CD9C81 /* PlayerStatsUtility.swift in Sources */ = {isa = PBXBuildFile; fileRef = 8C4495AF20AB1C4000CD9C81 /* PlayerStatsUtility.swift */; };
		8C4495B220AB294E00CD9C81 /* genji-load.jpg in Resources */ = {isa = PBXBuildFile; fileRef = 8C4495B120AB294D00CD9C81 /* genji-load.jpg */; };
		8CDC95A220A9B02B006E04C0 /* AppDelegate.swift in Sources */ = {isa = PBXBuildFile; fileRef = 8CDC95A120A9B02B006E04C0 /* AppDelegate.swift */; };
		8CDC95A720A9B02C006E04C0 /* Main.storyboard in Resources */ = {isa = PBXBuildFile; fileRef = 8CDC95A520A9B02C006E04C0 /* Main.storyboard */; };
		8CDC95A920A9B039006E04C0 /* Assets.xcassets in Resources */ = {isa = PBXBuildFile; fileRef = 8CDC95A820A9B039006E04C0 /* Assets.xcassets */; };
		8CDC95AC20A9B039006E04C0 /* LaunchScreen.storyboard in Resources */ = {isa = PBXBuildFile; fileRef = 8CDC95AA20A9B039006E04C0 /* LaunchScreen.storyboard */; };
		8CDC95B720A9B03A006E04C0 /* OWStatsTests.swift in Sources */ = {isa = PBXBuildFile; fileRef = 8CDC95B620A9B03A006E04C0 /* OWStatsTests.swift */; };
		8CDC95C220A9B03A006E04C0 /* OWStatsUITests.swift in Sources */ = {isa = PBXBuildFile; fileRef = 8CDC95C120A9B03A006E04C0 /* OWStatsUITests.swift */; };
		8CDC95D620A9CB9C006E04C0 /* OWLogo.png in Resources */ = {isa = PBXBuildFile; fileRef = 8CDC95D520A9CB9B006E04C0 /* OWLogo.png */; };
		FDCC7DD7CC3CCC73978CB1BE /* Pods_OWStats.framework in Frameworks */ = {isa = PBXBuildFile; fileRef = C22EFB7335F9415DE8C92898 /* Pods_OWStats.framework */; };
/* End PBXBuildFile section */

/* Begin PBXContainerItemProxy section */
		8CDC95B320A9B03A006E04C0 /* PBXContainerItemProxy */ = {
			isa = PBXContainerItemProxy;
			containerPortal = 8CDC959620A9B02B006E04C0 /* Project object */;
			proxyType = 1;
			remoteGlobalIDString = 8CDC959D20A9B02B006E04C0;
			remoteInfo = OWStats;
		};
		8CDC95BE20A9B03A006E04C0 /* PBXContainerItemProxy */ = {
			isa = PBXContainerItemProxy;
			containerPortal = 8CDC959620A9B02B006E04C0 /* Project object */;
			proxyType = 1;
			remoteGlobalIDString = 8CDC959D20A9B02B006E04C0;
			remoteInfo = OWStats;
		};
/* End PBXContainerItemProxy section */

/* Begin PBXFileReference section */
		13BF2BD61C35E568CB0EFC99 /* Pods-OWStats.release.xcconfig */ = {isa = PBXFileReference; includeInIndex = 1; lastKnownFileType = text.xcconfig; name = "Pods-OWStats.release.xcconfig"; path = "Pods/Target Support Files/Pods-OWStats/Pods-OWStats.release.xcconfig"; sourceTree = "<group>"; };
		2AC4C58E68C0E3FFB650082F /* Pods_OWStatsUITests.framework */ = {isa = PBXFileReference; explicitFileType = wrapper.framework; includeInIndex = 0; path = Pods_OWStatsUITests.framework; sourceTree = BUILT_PRODUCTS_DIR; };
		4A670B2F85164EA801CC6731 /* Pods-OWStatsUITests.release.xcconfig */ = {isa = PBXFileReference; includeInIndex = 1; lastKnownFileType = text.xcconfig; name = "Pods-OWStatsUITests.release.xcconfig"; path = "Pods/Target Support Files/Pods-OWStatsUITests/Pods-OWStatsUITests.release.xcconfig"; sourceTree = "<group>"; };
		663B080A72EB3B462FB346DB /* Pods-OWStatsTests.release.xcconfig */ = {isa = PBXFileReference; includeInIndex = 1; lastKnownFileType = text.xcconfig; name = "Pods-OWStatsTests.release.xcconfig"; path = "Pods/Target Support Files/Pods-OWStatsTests/Pods-OWStatsTests.release.xcconfig"; sourceTree = "<group>"; };
		6F321371B55AA5D6FFD286AB /* Pods_OWStatsTests.framework */ = {isa = PBXFileReference; explicitFileType = wrapper.framework; includeInIndex = 0; path = Pods_OWStatsTests.framework; sourceTree = BUILT_PRODUCTS_DIR; };
		892BB0F8EC48B0A0C60AC89C /* Pods-OWStatsUITests.debug.xcconfig */ = {isa = PBXFileReference; includeInIndex = 1; lastKnownFileType = text.xcconfig; name = "Pods-OWStatsUITests.debug.xcconfig"; path = "Pods/Target Support Files/Pods-OWStatsUITests/Pods-OWStatsUITests.debug.xcconfig"; sourceTree = "<group>"; };
		8C309DE320A9F870004EA442 /* ParentViewController.swift */ = {isa = PBXFileReference; lastKnownFileType = sourcecode.swift; path = ParentViewController.swift; sourceTree = "<group>"; };
		8C309DE520A9FDCB004EA442 /* PlayerStatsViewController.swift */ = {isa = PBXFileReference; lastKnownFileType = sourcecode.swift; path = PlayerStatsViewController.swift; sourceTree = "<group>"; };
		8C309DE720A9FDE4004EA442 /* HeroStatsViewController.swift */ = {isa = PBXFileReference; lastKnownFileType = sourcecode.swift; path = HeroStatsViewController.swift; sourceTree = "<group>"; };
		8C309DE920AA0760004EA442 /* AchievementsViewController.swift */ = {isa = PBXFileReference; lastKnownFileType = sourcecode.swift; path = AchievementsViewController.swift; sourceTree = "<group>"; };
		8C309DEB20AA09B8004EA442 /* LiveViewController.swift */ = {isa = PBXFileReference; lastKnownFileType = sourcecode.swift; path = LiveViewController.swift; sourceTree = "<group>"; };
		8C4495A920AAFB1B00CD9C81 /* OWStats.xcdatamodel */ = {isa = PBXFileReference; lastKnownFileType = wrapper.xcdatamodel; path = OWStats.xcdatamodel; sourceTree = "<group>"; };
		8C4495AB20AB175000CD9C81 /* AchievementsUtility.swift */ = {isa = PBXFileReference; lastKnownFileType = sourcecode.swift; path = AchievementsUtility.swift; sourceTree = "<group>"; };
		8C4495AD20AB1AF100CD9C81 /* UserUtility.swift */ = {isa = PBXFileReference; lastKnownFileType = sourcecode.swift; path = UserUtility.swift; sourceTree = "<group>"; };
		8C4495AF20AB1C4000CD9C81 /* PlayerStatsUtility.swift */ = {isa = PBXFileReference; lastKnownFileType = sourcecode.swift; path = PlayerStatsUtility.swift; sourceTree = "<group>"; };
		8C4495B120AB294D00CD9C81 /* genji-load.jpg */ = {isa = PBXFileReference; lastKnownFileType = image.jpeg; name = "genji-load.jpg"; path = "../../../genji-load.jpg"; sourceTree = "<group>"; };
		8CDC959E20A9B02B006E04C0 /* OWStats.app */ = {isa = PBXFileReference; explicitFileType = wrapper.application; includeInIndex = 0; path = OWStats.app; sourceTree = BUILT_PRODUCTS_DIR; };
		8CDC95A120A9B02B006E04C0 /* AppDelegate.swift */ = {isa = PBXFileReference; lastKnownFileType = sourcecode.swift; path = AppDelegate.swift; sourceTree = "<group>"; };
		8CDC95A620A9B02C006E04C0 /* Base */ = {isa = PBXFileReference; lastKnownFileType = file.storyboard; name = Base; path = Base.lproj/Main.storyboard; sourceTree = "<group>"; };
		8CDC95A820A9B039006E04C0 /* Assets.xcassets */ = {isa = PBXFileReference; lastKnownFileType = folder.assetcatalog; path = Assets.xcassets; sourceTree = "<group>"; };
		8CDC95AB20A9B039006E04C0 /* Base */ = {isa = PBXFileReference; lastKnownFileType = file.storyboard; name = Base; path = Base.lproj/LaunchScreen.storyboard; sourceTree = "<group>"; };
		8CDC95AD20A9B039006E04C0 /* Info.plist */ = {isa = PBXFileReference; lastKnownFileType = text.plist.xml; path = Info.plist; sourceTree = "<group>"; };
		8CDC95B220A9B03A006E04C0 /* OWStatsTests.xctest */ = {isa = PBXFileReference; explicitFileType = wrapper.cfbundle; includeInIndex = 0; path = OWStatsTests.xctest; sourceTree = BUILT_PRODUCTS_DIR; };
		8CDC95B620A9B03A006E04C0 /* OWStatsTests.swift */ = {isa = PBXFileReference; lastKnownFileType = sourcecode.swift; path = OWStatsTests.swift; sourceTree = "<group>"; };
		8CDC95B820A9B03A006E04C0 /* Info.plist */ = {isa = PBXFileReference; lastKnownFileType = text.plist.xml; path = Info.plist; sourceTree = "<group>"; };
		8CDC95BD20A9B03A006E04C0 /* OWStatsUITests.xctest */ = {isa = PBXFileReference; explicitFileType = wrapper.cfbundle; includeInIndex = 0; path = OWStatsUITests.xctest; sourceTree = BUILT_PRODUCTS_DIR; };
		8CDC95C120A9B03A006E04C0 /* OWStatsUITests.swift */ = {isa = PBXFileReference; lastKnownFileType = sourcecode.swift; path = OWStatsUITests.swift; sourceTree = "<group>"; };
		8CDC95C320A9B03A006E04C0 /* Info.plist */ = {isa = PBXFileReference; lastKnownFileType = text.plist.xml; path = Info.plist; sourceTree = "<group>"; };
		8CDC95D520A9CB9B006E04C0 /* OWLogo.png */ = {isa = PBXFileReference; lastKnownFileType = image.png; name = OWLogo.png; path = ../../../OWLogo.png; sourceTree = "<group>"; };
		B6FEEBC9FC4FCA9EF7394F92 /* Pods-OWStats.debug.xcconfig */ = {isa = PBXFileReference; includeInIndex = 1; lastKnownFileType = text.xcconfig; name = "Pods-OWStats.debug.xcconfig"; path = "Pods/Target Support Files/Pods-OWStats/Pods-OWStats.debug.xcconfig"; sourceTree = "<group>"; };
		C22EFB7335F9415DE8C92898 /* Pods_OWStats.framework */ = {isa = PBXFileReference; explicitFileType = wrapper.framework; includeInIndex = 0; path = Pods_OWStats.framework; sourceTree = BUILT_PRODUCTS_DIR; };
		CF0FF8EABBA2981FDE434A43 /* Pods-OWStatsTests.debug.xcconfig */ = {isa = PBXFileReference; includeInIndex = 1; lastKnownFileType = text.xcconfig; name = "Pods-OWStatsTests.debug.xcconfig"; path = "Pods/Target Support Files/Pods-OWStatsTests/Pods-OWStatsTests.debug.xcconfig"; sourceTree = "<group>"; };
/* End PBXFileReference section */

/* Begin PBXFrameworksBuildPhase section */
		8CDC959B20A9B02B006E04C0 /* Frameworks */ = {
			isa = PBXFrameworksBuildPhase;
			buildActionMask = 2147483647;
			files = (
				FDCC7DD7CC3CCC73978CB1BE /* Pods_OWStats.framework in Frameworks */,
			);
			runOnlyForDeploymentPostprocessing = 0;
		};
		8CDC95AF20A9B03A006E04C0 /* Frameworks */ = {
			isa = PBXFrameworksBuildPhase;
			buildActionMask = 2147483647;
			files = (
				5A0CC4CB7B705DE6939AE2EE /* Pods_OWStatsTests.framework in Frameworks */,
			);
			runOnlyForDeploymentPostprocessing = 0;
		};
		8CDC95BA20A9B03A006E04C0 /* Frameworks */ = {
			isa = PBXFrameworksBuildPhase;
			buildActionMask = 2147483647;
			files = (
				2D88BDC5E3F9FC8B99BAA42F /* Pods_OWStatsUITests.framework in Frameworks */,
			);
			runOnlyForDeploymentPostprocessing = 0;
		};
/* End PBXFrameworksBuildPhase section */

/* Begin PBXGroup section */
		17BAA0C4A58EBF15F561EFEB /* Frameworks */ = {
			isa = PBXGroup;
			children = (
				C22EFB7335F9415DE8C92898 /* Pods_OWStats.framework */,
				6F321371B55AA5D6FFD286AB /* Pods_OWStatsTests.framework */,
				2AC4C58E68C0E3FFB650082F /* Pods_OWStatsUITests.framework */,
			);
			name = Frameworks;
			sourceTree = "<group>";
		};
		8CDC959520A9B02B006E04C0 = {
			isa = PBXGroup;
			children = (
				8C4495A820AAFB1B00CD9C81 /* OWStats.xcdatamodeld */,
				8CDC95A020A9B02B006E04C0 /* OWStats */,
				8CDC95B520A9B03A006E04C0 /* OWStatsTests */,
				8CDC95C020A9B03A006E04C0 /* OWStatsUITests */,
				8CDC959F20A9B02B006E04C0 /* Products */,
				E9B52F5C96210BF85374296A /* Pods */,
				17BAA0C4A58EBF15F561EFEB /* Frameworks */,
			);
			sourceTree = "<group>";
		};
		8CDC959F20A9B02B006E04C0 /* Products */ = {
			isa = PBXGroup;
			children = (
				8CDC959E20A9B02B006E04C0 /* OWStats.app */,
				8CDC95B220A9B03A006E04C0 /* OWStatsTests.xctest */,
				8CDC95BD20A9B03A006E04C0 /* OWStatsUITests.xctest */,
			);
			name = Products;
			sourceTree = "<group>";
		};
		8CDC95A020A9B02B006E04C0 /* OWStats */ = {
			isa = PBXGroup;
			children = (
				8CDC95A120A9B02B006E04C0 /* AppDelegate.swift */,
				8CDC95A520A9B02C006E04C0 /* Main.storyboard */,
				8CDC95D520A9CB9B006E04C0 /* OWLogo.png */,
				8CDC95A820A9B039006E04C0 /* Assets.xcassets */,
				8CDC95AA20A9B039006E04C0 /* LaunchScreen.storyboard */,
				8C4495B120AB294D00CD9C81 /* genji-load.jpg */,
				8CDC95AD20A9B039006E04C0 /* Info.plist */,
				8C309DE320A9F870004EA442 /* ParentViewController.swift */,
				8C309DE520A9FDCB004EA442 /* PlayerStatsViewController.swift */,
				8C309DE720A9FDE4004EA442 /* HeroStatsViewController.swift */,
				8C309DE920AA0760004EA442 /* AchievementsViewController.swift */,
				8C309DEB20AA09B8004EA442 /* LiveViewController.swift */,
				8C4495AB20AB175000CD9C81 /* AchievementsUtility.swift */,
				8C4495AD20AB1AF100CD9C81 /* UserUtility.swift */,
				8C4495AF20AB1C4000CD9C81 /* PlayerStatsUtility.swift */,
			);
			path = OWStats;
			sourceTree = "<group>";
		};
		8CDC95B520A9B03A006E04C0 /* OWStatsTests */ = {
			isa = PBXGroup;
			children = (
				8CDC95B620A9B03A006E04C0 /* OWStatsTests.swift */,
				8CDC95B820A9B03A006E04C0 /* Info.plist */,
			);
			path = OWStatsTests;
			sourceTree = "<group>";
		};
		8CDC95C020A9B03A006E04C0 /* OWStatsUITests */ = {
			isa = PBXGroup;
			children = (
				8CDC95C120A9B03A006E04C0 /* OWStatsUITests.swift */,
				8CDC95C320A9B03A006E04C0 /* Info.plist */,
			);
			path = OWStatsUITests;
			sourceTree = "<group>";
		};
		E9B52F5C96210BF85374296A /* Pods */ = {
			isa = PBXGroup;
			children = (
				B6FEEBC9FC4FCA9EF7394F92 /* Pods-OWStats.debug.xcconfig */,
				13BF2BD61C35E568CB0EFC99 /* Pods-OWStats.release.xcconfig */,
				CF0FF8EABBA2981FDE434A43 /* Pods-OWStatsTests.debug.xcconfig */,
				663B080A72EB3B462FB346DB /* Pods-OWStatsTests.release.xcconfig */,
				892BB0F8EC48B0A0C60AC89C /* Pods-OWStatsUITests.debug.xcconfig */,
				4A670B2F85164EA801CC6731 /* Pods-OWStatsUITests.release.xcconfig */,
			);
			name = Pods;
			sourceTree = "<group>";
		};
/* End PBXGroup section */

/* Begin PBXNativeTarget section */
		8CDC959D20A9B02B006E04C0 /* OWStats */ = {
			isa = PBXNativeTarget;
			buildConfigurationList = 8CDC95C620A9B03A006E04C0 /* Build configuration list for PBXNativeTarget "OWStats" */;
			buildPhases = (
				D97128134365CFBDE8838C0F /* [CP] Check Pods Manifest.lock */,
				8CDC959A20A9B02B006E04C0 /* Sources */,
				8CDC959B20A9B02B006E04C0 /* Frameworks */,
				8CDC959C20A9B02B006E04C0 /* Resources */,
				332856EA8D5B1F940BDCBA32 /* [CP] Embed Pods Frameworks */,
			);
			buildRules = (
			);
			dependencies = (
			);
			name = OWStats;
			productName = OWStats;
			productReference = 8CDC959E20A9B02B006E04C0 /* OWStats.app */;
			productType = "com.apple.product-type.application";
		};
		8CDC95B120A9B03A006E04C0 /* OWStatsTests */ = {
			isa = PBXNativeTarget;
			buildConfigurationList = 8CDC95C920A9B03A006E04C0 /* Build configuration list for PBXNativeTarget "OWStatsTests" */;
			buildPhases = (
				D9031569E40FFCF5ECFF3EBD /* [CP] Check Pods Manifest.lock */,
				8CDC95AE20A9B03A006E04C0 /* Sources */,
				8CDC95AF20A9B03A006E04C0 /* Frameworks */,
				8CDC95B020A9B03A006E04C0 /* Resources */,
			);
			buildRules = (
			);
			dependencies = (
				8CDC95B420A9B03A006E04C0 /* PBXTargetDependency */,
			);
			name = OWStatsTests;
			productName = OWStatsTests;
			productReference = 8CDC95B220A9B03A006E04C0 /* OWStatsTests.xctest */;
			productType = "com.apple.product-type.bundle.unit-test";
		};
		8CDC95BC20A9B03A006E04C0 /* OWStatsUITests */ = {
			isa = PBXNativeTarget;
			buildConfigurationList = 8CDC95CC20A9B03A006E04C0 /* Build configuration list for PBXNativeTarget "OWStatsUITests" */;
			buildPhases = (
				5D86A8EE4D6DF7D85B8C7687 /* [CP] Check Pods Manifest.lock */,
				8CDC95B920A9B03A006E04C0 /* Sources */,
				8CDC95BA20A9B03A006E04C0 /* Frameworks */,
				8CDC95BB20A9B03A006E04C0 /* Resources */,
			);
			buildRules = (
			);
			dependencies = (
				8CDC95BF20A9B03A006E04C0 /* PBXTargetDependency */,
			);
			name = OWStatsUITests;
			productName = OWStatsUITests;
			productReference = 8CDC95BD20A9B03A006E04C0 /* OWStatsUITests.xctest */;
			productType = "com.apple.product-type.bundle.ui-testing";
		};
/* End PBXNativeTarget section */

/* Begin PBXProject section */
		8CDC959620A9B02B006E04C0 /* Project object */ = {
			isa = PBXProject;
			attributes = {
				LastSwiftUpdateCheck = 0930;
				LastUpgradeCheck = 0930;
				ORGANIZATIONNAME = "Danny O'Leary";
				TargetAttributes = {
					8CDC959D20A9B02B006E04C0 = {
						CreatedOnToolsVersion = 9.3;
					};
					8CDC95B120A9B03A006E04C0 = {
						CreatedOnToolsVersion = 9.3;
						TestTargetID = 8CDC959D20A9B02B006E04C0;
					};
					8CDC95BC20A9B03A006E04C0 = {
						CreatedOnToolsVersion = 9.3;
						TestTargetID = 8CDC959D20A9B02B006E04C0;
					};
				};
			};
			buildConfigurationList = 8CDC959920A9B02B006E04C0 /* Build configuration list for PBXProject "OWStats" */;
			compatibilityVersion = "Xcode 9.3";
			developmentRegion = en;
			hasScannedForEncodings = 0;
			knownRegions = (
				en,
				Base,
			);
			mainGroup = 8CDC959520A9B02B006E04C0;
			productRefGroup = 8CDC959F20A9B02B006E04C0 /* Products */;
			projectDirPath = "";
			projectRoot = "";
			targets = (
				8CDC959D20A9B02B006E04C0 /* OWStats */,
				8CDC95B120A9B03A006E04C0 /* OWStatsTests */,
				8CDC95BC20A9B03A006E04C0 /* OWStatsUITests */,
			);
		};
/* End PBXProject section */

/* Begin PBXResourcesBuildPhase section */
		8CDC959C20A9B02B006E04C0 /* Resources */ = {
			isa = PBXResourcesBuildPhase;
			buildActionMask = 2147483647;
			files = (
				8CDC95D620A9CB9C006E04C0 /* OWLogo.png in Resources */,
				8CDC95AC20A9B039006E04C0 /* LaunchScreen.storyboard in Resources */,
				8CDC95A920A9B039006E04C0 /* Assets.xcassets in Resources */,
				8C4495B220AB294E00CD9C81 /* genji-load.jpg in Resources */,
				8CDC95A720A9B02C006E04C0 /* Main.storyboard in Resources */,
			);
			runOnlyForDeploymentPostprocessing = 0;
		};
		8CDC95B020A9B03A006E04C0 /* Resources */ = {
			isa = PBXResourcesBuildPhase;
			buildActionMask = 2147483647;
			files = (
			);
			runOnlyForDeploymentPostprocessing = 0;
		};
		8CDC95BB20A9B03A006E04C0 /* Resources */ = {
			isa = PBXResourcesBuildPhase;
			buildActionMask = 2147483647;
			files = (
			);
			runOnlyForDeploymentPostprocessing = 0;
		};
/* End PBXResourcesBuildPhase section */

/* Begin PBXShellScriptBuildPhase section */
		332856EA8D5B1F940BDCBA32 /* [CP] Embed Pods Frameworks */ = {
			isa = PBXShellScriptBuildPhase;
			buildActionMask = 2147483647;
			files = (
			);
			inputPaths = (
				"${SRCROOT}/Pods/Target Support Files/Pods-OWStats/Pods-OWStats-frameworks.sh",
				"${BUILT_PRODUCTS_DIR}/Charts/Charts.framework",
				"${BUILT_PRODUCTS_DIR}/XLPagerTabStrip/XLPagerTabStrip.framework",
			);
			name = "[CP] Embed Pods Frameworks";
			outputPaths = (
				"${TARGET_BUILD_DIR}/${FRAMEWORKS_FOLDER_PATH}/Charts.framework",
				"${TARGET_BUILD_DIR}/${FRAMEWORKS_FOLDER_PATH}/XLPagerTabStrip.framework",
			);
			runOnlyForDeploymentPostprocessing = 0;
			shellPath = /bin/sh;
			shellScript = "\"${SRCROOT}/Pods/Target Support Files/Pods-OWStats/Pods-OWStats-frameworks.sh\"\n";
			showEnvVarsInLog = 0;
		};
		5D86A8EE4D6DF7D85B8C7687 /* [CP] Check Pods Manifest.lock */ = {
			isa = PBXShellScriptBuildPhase;
			buildActionMask = 2147483647;
			files = (
			);
			inputPaths = (
				"${PODS_PODFILE_DIR_PATH}/Podfile.lock",
				"${PODS_ROOT}/Manifest.lock",
			);
			name = "[CP] Check Pods Manifest.lock";
			outputPaths = (
				"$(DERIVED_FILE_DIR)/Pods-OWStatsUITests-checkManifestLockResult.txt",
			);
			runOnlyForDeploymentPostprocessing = 0;
			shellPath = /bin/sh;
			shellScript = "diff \"${PODS_PODFILE_DIR_PATH}/Podfile.lock\" \"${PODS_ROOT}/Manifest.lock\" > /dev/null\nif [ $? != 0 ] ; then\n    # print error to STDERR\n    echo \"error: The sandbox is not in sync with the Podfile.lock. Run 'pod install' or update your CocoaPods installation.\" >&2\n    exit 1\nfi\n# This output is used by Xcode 'outputs' to avoid re-running this script phase.\necho \"SUCCESS\" > \"${SCRIPT_OUTPUT_FILE_0}\"\n";
			showEnvVarsInLog = 0;
		};
		D9031569E40FFCF5ECFF3EBD /* [CP] Check Pods Manifest.lock */ = {
			isa = PBXShellScriptBuildPhase;
			buildActionMask = 2147483647;
			files = (
			);
			inputPaths = (
				"${PODS_PODFILE_DIR_PATH}/Podfile.lock",
				"${PODS_ROOT}/Manifest.lock",
			);
			name = "[CP] Check Pods Manifest.lock";
			outputPaths = (
				"$(DERIVED_FILE_DIR)/Pods-OWStatsTests-checkManifestLockResult.txt",
			);
			runOnlyForDeploymentPostprocessing = 0;
			shellPath = /bin/sh;
			shellScript = "diff \"${PODS_PODFILE_DIR_PATH}/Podfile.lock\" \"${PODS_ROOT}/Manifest.lock\" > /dev/null\nif [ $? != 0 ] ; then\n    # print error to STDERR\n    echo \"error: The sandbox is not in sync with the Podfile.lock. Run 'pod install' or update your CocoaPods installation.\" >&2\n    exit 1\nfi\n# This output is used by Xcode 'outputs' to avoid re-running this script phase.\necho \"SUCCESS\" > \"${SCRIPT_OUTPUT_FILE_0}\"\n";
			showEnvVarsInLog = 0;
		};
		D97128134365CFBDE8838C0F /* [CP] Check Pods Manifest.lock */ = {
			isa = PBXShellScriptBuildPhase;
			buildActionMask = 2147483647;
			files = (
			);
			inputPaths = (
				"${PODS_PODFILE_DIR_PATH}/Podfile.lock",
				"${PODS_ROOT}/Manifest.lock",
			);
			name = "[CP] Check Pods Manifest.lock";
			outputPaths = (
				"$(DERIVED_FILE_DIR)/Pods-OWStats-checkManifestLockResult.txt",
			);
			runOnlyForDeploymentPostprocessing = 0;
			shellPath = /bin/sh;
			shellScript = "diff \"${PODS_PODFILE_DIR_PATH}/Podfile.lock\" \"${PODS_ROOT}/Manifest.lock\" > /dev/null\nif [ $? != 0 ] ; then\n    # print error to STDERR\n    echo \"error: The sandbox is not in sync with the Podfile.lock. Run 'pod install' or update your CocoaPods installation.\" >&2\n    exit 1\nfi\n# This output is used by Xcode 'outputs' to avoid re-running this script phase.\necho \"SUCCESS\" > \"${SCRIPT_OUTPUT_FILE_0}\"\n";
			showEnvVarsInLog = 0;
		};
/* End PBXShellScriptBuildPhase section */

/* Begin PBXSourcesBuildPhase section */
		8CDC959A20A9B02B006E04C0 /* Sources */ = {
			isa = PBXSourcesBuildPhase;
			buildActionMask = 2147483647;
			files = (
				8C4495AE20AB1AF100CD9C81 /* UserUtility.swift in Sources */,
				8C4495B020AB1C4000CD9C81 /* PlayerStatsUtility.swift in Sources */,
				8C309DEC20AA09B8004EA442 /* LiveViewController.swift in Sources */,
				8C309DE620A9FDCB004EA442 /* PlayerStatsViewController.swift in Sources */,
				8C4495AA20AAFB1B00CD9C81 /* OWStats.xcdatamodeld in Sources */,
				8CDC95A220A9B02B006E04C0 /* AppDelegate.swift in Sources */,
				8C4495AC20AB175000CD9C81 /* AchievementsUtility.swift in Sources */,
				8C309DE820A9FDE4004EA442 /* HeroStatsViewController.swift in Sources */,
				8C309DE420A9F871004EA442 /* ParentViewController.swift in Sources */,
				8C309DEA20AA0760004EA442 /* AchievementsViewController.swift in Sources */,
			);
			runOnlyForDeploymentPostprocessing = 0;
		};
		8CDC95AE20A9B03A006E04C0 /* Sources */ = {
			isa = PBXSourcesBuildPhase;
			buildActionMask = 2147483647;
			files = (
				8CDC95B720A9B03A006E04C0 /* OWStatsTests.swift in Sources */,
			);
			runOnlyForDeploymentPostprocessing = 0;
		};
		8CDC95B920A9B03A006E04C0 /* Sources */ = {
			isa = PBXSourcesBuildPhase;
			buildActionMask = 2147483647;
			files = (
				8CDC95C220A9B03A006E04C0 /* OWStatsUITests.swift in Sources */,
			);
			runOnlyForDeploymentPostprocessing = 0;
		};
/* End PBXSourcesBuildPhase section */

/* Begin PBXTargetDependency section */
		8CDC95B420A9B03A006E04C0 /* PBXTargetDependency */ = {
			isa = PBXTargetDependency;
			target = 8CDC959D20A9B02B006E04C0 /* OWStats */;
			targetProxy = 8CDC95B320A9B03A006E04C0 /* PBXContainerItemProxy */;
		};
		8CDC95BF20A9B03A006E04C0 /* PBXTargetDependency */ = {
			isa = PBXTargetDependency;
			target = 8CDC959D20A9B02B006E04C0 /* OWStats */;
			targetProxy = 8CDC95BE20A9B03A006E04C0 /* PBXContainerItemProxy */;
		};
/* End PBXTargetDependency section */

/* Begin PBXVariantGroup section */
		8CDC95A520A9B02C006E04C0 /* Main.storyboard */ = {
			isa = PBXVariantGroup;
			children = (
				8CDC95A620A9B02C006E04C0 /* Base */,
			);
			name = Main.storyboard;
			sourceTree = "<group>";
		};
		8CDC95AA20A9B039006E04C0 /* LaunchScreen.storyboard */ = {
			isa = PBXVariantGroup;
			children = (
				8CDC95AB20A9B039006E04C0 /* Base */,
			);
			name = LaunchScreen.storyboard;
			sourceTree = "<group>";
		};
/* End PBXVariantGroup section */

/* Begin XCBuildConfiguration section */
		8CDC95C420A9B03A006E04C0 /* Debug */ = {
			isa = XCBuildConfiguration;
			buildSettings = {
				ALWAYS_SEARCH_USER_PATHS = NO;
				CLANG_ANALYZER_NONNULL = YES;
				CLANG_ANALYZER_NUMBER_OBJECT_CONVERSION = YES_AGGRESSIVE;
				CLANG_CXX_LANGUAGE_STANDARD = "gnu++14";
				CLANG_CXX_LIBRARY = "libc++";
				CLANG_ENABLE_MODULES = YES;
				CLANG_ENABLE_OBJC_ARC = YES;
				CLANG_ENABLE_OBJC_WEAK = YES;
				CLANG_WARN_BLOCK_CAPTURE_AUTORELEASING = YES;
				CLANG_WARN_BOOL_CONVERSION = YES;
				CLANG_WARN_COMMA = YES;
				CLANG_WARN_CONSTANT_CONVERSION = YES;
				CLANG_WARN_DEPRECATED_OBJC_IMPLEMENTATIONS = YES;
				CLANG_WARN_DIRECT_OBJC_ISA_USAGE = YES_ERROR;
				CLANG_WARN_DOCUMENTATION_COMMENTS = YES;
				CLANG_WARN_EMPTY_BODY = YES;
				CLANG_WARN_ENUM_CONVERSION = YES;
				CLANG_WARN_INFINITE_RECURSION = YES;
				CLANG_WARN_INT_CONVERSION = YES;
				CLANG_WARN_NON_LITERAL_NULL_CONVERSION = YES;
				CLANG_WARN_OBJC_IMPLICIT_RETAIN_SELF = YES;
				CLANG_WARN_OBJC_LITERAL_CONVERSION = YES;
				CLANG_WARN_OBJC_ROOT_CLASS = YES_ERROR;
				CLANG_WARN_RANGE_LOOP_ANALYSIS = YES;
				CLANG_WARN_STRICT_PROTOTYPES = YES;
				CLANG_WARN_SUSPICIOUS_MOVE = YES;
				CLANG_WARN_UNGUARDED_AVAILABILITY = YES_AGGRESSIVE;
				CLANG_WARN_UNREACHABLE_CODE = YES;
				CLANG_WARN__DUPLICATE_METHOD_MATCH = YES;
				CODE_SIGN_IDENTITY = "iPhone Developer";
				COPY_PHASE_STRIP = NO;
				DEBUG_INFORMATION_FORMAT = dwarf;
				ENABLE_STRICT_OBJC_MSGSEND = YES;
				ENABLE_TESTABILITY = YES;
				GCC_C_LANGUAGE_STANDARD = gnu11;
				GCC_DYNAMIC_NO_PIC = NO;
				GCC_NO_COMMON_BLOCKS = YES;
				GCC_OPTIMIZATION_LEVEL = 0;
				GCC_PREPROCESSOR_DEFINITIONS = (
					"DEBUG=1",
					"$(inherited)",
				);
				GCC_WARN_64_TO_32_BIT_CONVERSION = YES;
				GCC_WARN_ABOUT_RETURN_TYPE = YES_ERROR;
				GCC_WARN_UNDECLARED_SELECTOR = YES;
				GCC_WARN_UNINITIALIZED_AUTOS = YES_AGGRESSIVE;
				GCC_WARN_UNUSED_FUNCTION = YES;
				GCC_WARN_UNUSED_VARIABLE = YES;
				IPHONEOS_DEPLOYMENT_TARGET = 11.3;
				MTL_ENABLE_DEBUG_INFO = YES;
				ONLY_ACTIVE_ARCH = YES;
				SDKROOT = iphoneos;
				SWIFT_ACTIVE_COMPILATION_CONDITIONS = DEBUG;
				SWIFT_OPTIMIZATION_LEVEL = "-Onone";
			};
			name = Debug;
		};
		8CDC95C520A9B03A006E04C0 /* Release */ = {
			isa = XCBuildConfiguration;
			buildSettings = {
				ALWAYS_SEARCH_USER_PATHS = NO;
				CLANG_ANALYZER_NONNULL = YES;
				CLANG_ANALYZER_NUMBER_OBJECT_CONVERSION = YES_AGGRESSIVE;
				CLANG_CXX_LANGUAGE_STANDARD = "gnu++14";
				CLANG_CXX_LIBRARY = "libc++";
				CLANG_ENABLE_MODULES = YES;
				CLANG_ENABLE_OBJC_ARC = YES;
				CLANG_ENABLE_OBJC_WEAK = YES;
				CLANG_WARN_BLOCK_CAPTURE_AUTORELEASING = YES;
				CLANG_WARN_BOOL_CONVERSION = YES;
				CLANG_WARN_COMMA = YES;
				CLANG_WARN_CONSTANT_CONVERSION = YES;
				CLANG_WARN_DEPRECATED_OBJC_IMPLEMENTATIONS = YES;
				CLANG_WARN_DIRECT_OBJC_ISA_USAGE = YES_ERROR;
				CLANG_WARN_DOCUMENTATION_COMMENTS = YES;
				CLANG_WARN_EMPTY_BODY = YES;
				CLANG_WARN_ENUM_CONVERSION = YES;
				CLANG_WARN_INFINITE_RECURSION = YES;
				CLANG_WARN_INT_CONVERSION = YES;
				CLANG_WARN_NON_LITERAL_NULL_CONVERSION = YES;
				CLANG_WARN_OBJC_IMPLICIT_RETAIN_SELF = YES;
				CLANG_WARN_OBJC_LITERAL_CONVERSION = YES;
				CLANG_WARN_OBJC_ROOT_CLASS = YES_ERROR;
				CLANG_WARN_RANGE_LOOP_ANALYSIS = YES;
				CLANG_WARN_STRICT_PROTOTYPES = YES;
				CLANG_WARN_SUSPICIOUS_MOVE = YES;
				CLANG_WARN_UNGUARDED_AVAILABILITY = YES_AGGRESSIVE;
				CLANG_WARN_UNREACHABLE_CODE = YES;
				CLANG_WARN__DUPLICATE_METHOD_MATCH = YES;
				CODE_SIGN_IDENTITY = "iPhone Developer";
				COPY_PHASE_STRIP = NO;
				DEBUG_INFORMATION_FORMAT = "dwarf-with-dsym";
				ENABLE_NS_ASSERTIONS = NO;
				ENABLE_STRICT_OBJC_MSGSEND = YES;
				GCC_C_LANGUAGE_STANDARD = gnu11;
				GCC_NO_COMMON_BLOCKS = YES;
				GCC_WARN_64_TO_32_BIT_CONVERSION = YES;
				GCC_WARN_ABOUT_RETURN_TYPE = YES_ERROR;
				GCC_WARN_UNDECLARED_SELECTOR = YES;
				GCC_WARN_UNINITIALIZED_AUTOS = YES_AGGRESSIVE;
				GCC_WARN_UNUSED_FUNCTION = YES;
				GCC_WARN_UNUSED_VARIABLE = YES;
				IPHONEOS_DEPLOYMENT_TARGET = 11.3;
				MTL_ENABLE_DEBUG_INFO = NO;
				SDKROOT = iphoneos;
				SWIFT_COMPILATION_MODE = wholemodule;
				SWIFT_OPTIMIZATION_LEVEL = "-O";
				VALIDATE_PRODUCT = YES;
			};
			name = Release;
		};
		8CDC95C720A9B03A006E04C0 /* Debug */ = {
			isa = XCBuildConfiguration;
			baseConfigurationReference = B6FEEBC9FC4FCA9EF7394F92 /* Pods-OWStats.debug.xcconfig */;
			buildSettings = {
				ASSETCATALOG_COMPILER_APPICON_NAME = AppIcon;
				CODE_SIGN_STYLE = Automatic;
				INFOPLIST_FILE = OWStats/Info.plist;
				LD_RUNPATH_SEARCH_PATHS = (
					"$(inherited)",
					"@executable_path/Frameworks",
				);
				PRODUCT_BUNDLE_IDENTIFIER = com.OWStats;
				PRODUCT_NAME = "$(TARGET_NAME)";
				SWIFT_VERSION = 4.0;
				TARGETED_DEVICE_FAMILY = "1,2";
			};
			name = Debug;
		};
		8CDC95C820A9B03A006E04C0 /* Release */ = {
			isa = XCBuildConfiguration;
			baseConfigurationReference = 13BF2BD61C35E568CB0EFC99 /* Pods-OWStats.release.xcconfig */;
			buildSettings = {
				ASSETCATALOG_COMPILER_APPICON_NAME = AppIcon;
				CODE_SIGN_STYLE = Automatic;
				INFOPLIST_FILE = OWStats/Info.plist;
				LD_RUNPATH_SEARCH_PATHS = (
					"$(inherited)",
					"@executable_path/Frameworks",
				);
				PRODUCT_BUNDLE_IDENTIFIER = com.OWStats;
				PRODUCT_NAME = "$(TARGET_NAME)";
				SWIFT_VERSION = 4.0;
				TARGETED_DEVICE_FAMILY = "1,2";
			};
			name = Release;
		};
		8CDC95CA20A9B03A006E04C0 /* Debug */ = {
			isa = XCBuildConfiguration;
			baseConfigurationReference = CF0FF8EABBA2981FDE434A43 /* Pods-OWStatsTests.debug.xcconfig */;
			buildSettings = {
				ALWAYS_EMBED_SWIFT_STANDARD_LIBRARIES = YES;
				BUNDLE_LOADER = "$(TEST_HOST)";
				CODE_SIGN_STYLE = Automatic;
				INFOPLIST_FILE = OWStatsTests/Info.plist;
				LD_RUNPATH_SEARCH_PATHS = (
					"$(inherited)",
					"@executable_path/Frameworks",
					"@loader_path/Frameworks",
				);
				PRODUCT_BUNDLE_IDENTIFIER = com.OWStatsTests;
				PRODUCT_NAME = "$(TARGET_NAME)";
				SWIFT_VERSION = 4.0;
				TARGETED_DEVICE_FAMILY = "1,2";
				TEST_HOST = "$(BUILT_PRODUCTS_DIR)/OWStats.app/OWStats";
			};
			name = Debug;
		};
		8CDC95CB20A9B03A006E04C0 /* Release */ = {
			isa = XCBuildConfiguration;
			baseConfigurationReference = 663B080A72EB3B462FB346DB /* Pods-OWStatsTests.release.xcconfig */;
			buildSettings = {
				ALWAYS_EMBED_SWIFT_STANDARD_LIBRARIES = YES;
				BUNDLE_LOADER = "$(TEST_HOST)";
				CODE_SIGN_STYLE = Automatic;
				INFOPLIST_FILE = OWStatsTests/Info.plist;
				LD_RUNPATH_SEARCH_PATHS = (
					"$(inherited)",
					"@executable_path/Frameworks",
					"@loader_path/Frameworks",
				);
				PRODUCT_BUNDLE_IDENTIFIER = com.OWStatsTests;
				PRODUCT_NAME = "$(TARGET_NAME)";
				SWIFT_VERSION = 4.0;
				TARGETED_DEVICE_FAMILY = "1,2";
				TEST_HOST = "$(BUILT_PRODUCTS_DIR)/OWStats.app/OWStats";
			};
			name = Release;
		};
		8CDC95CD20A9B03A006E04C0 /* Debug */ = {
			isa = XCBuildConfiguration;
			baseConfigurationReference = 892BB0F8EC48B0A0C60AC89C /* Pods-OWStatsUITests.debug.xcconfig */;
			buildSettings = {
				ALWAYS_EMBED_SWIFT_STANDARD_LIBRARIES = YES;
				CODE_SIGN_STYLE = Automatic;
				INFOPLIST_FILE = OWStatsUITests/Info.plist;
				LD_RUNPATH_SEARCH_PATHS = (
					"$(inherited)",
					"@executable_path/Frameworks",
					"@loader_path/Frameworks",
				);
				PRODUCT_BUNDLE_IDENTIFIER = com.OWStatsUITests;
				PRODUCT_NAME = "$(TARGET_NAME)";
				SWIFT_VERSION = 4.0;
				TARGETED_DEVICE_FAMILY = "1,2";
				TEST_TARGET_NAME = OWStats;
			};
			name = Debug;
		};
		8CDC95CE20A9B03A006E04C0 /* Release */ = {
			isa = XCBuildConfiguration;
			baseConfigurationReference = 4A670B2F85164EA801CC6731 /* Pods-OWStatsUITests.release.xcconfig */;
			buildSettings = {
				ALWAYS_EMBED_SWIFT_STANDARD_LIBRARIES = YES;
				CODE_SIGN_STYLE = Automatic;
				INFOPLIST_FILE = OWStatsUITests/Info.plist;
				LD_RUNPATH_SEARCH_PATHS = (
					"$(inherited)",
					"@executable_path/Frameworks",
					"@loader_path/Frameworks",
				);
				PRODUCT_BUNDLE_IDENTIFIER = com.OWStatsUITests;
				PRODUCT_NAME = "$(TARGET_NAME)";
				SWIFT_VERSION = 4.0;
				TARGETED_DEVICE_FAMILY = "1,2";
				TEST_TARGET_NAME = OWStats;
			};
			name = Release;
		};
/* End XCBuildConfiguration section */

/* Begin XCConfigurationList section */
		8CDC959920A9B02B006E04C0 /* Build configuration list for PBXProject "OWStats" */ = {
			isa = XCConfigurationList;
			buildConfigurations = (
				8CDC95C420A9B03A006E04C0 /* Debug */,
				8CDC95C520A9B03A006E04C0 /* Release */,
			);
			defaultConfigurationIsVisible = 0;
			defaultConfigurationName = Release;
		};
		8CDC95C620A9B03A006E04C0 /* Build configuration list for PBXNativeTarget "OWStats" */ = {
			isa = XCConfigurationList;
			buildConfigurations = (
				8CDC95C720A9B03A006E04C0 /* Debug */,
				8CDC95C820A9B03A006E04C0 /* Release */,
			);
			defaultConfigurationIsVisible = 0;
			defaultConfigurationName = Release;
		};
		8CDC95C920A9B03A006E04C0 /* Build configuration list for PBXNativeTarget "OWStatsTests" */ = {
			isa = XCConfigurationList;
			buildConfigurations = (
				8CDC95CA20A9B03A006E04C0 /* Debug */,
				8CDC95CB20A9B03A006E04C0 /* Release */,
			);
			defaultConfigurationIsVisible = 0;
			defaultConfigurationName = Release;
		};
		8CDC95CC20A9B03A006E04C0 /* Build configuration list for PBXNativeTarget "OWStatsUITests" */ = {
			isa = XCConfigurationList;
			buildConfigurations = (
				8CDC95CD20A9B03A006E04C0 /* Debug */,
				8CDC95CE20A9B03A006E04C0 /* Release */,
			);
			defaultConfigurationIsVisible = 0;
			defaultConfigurationName = Release;
		};
/* End XCConfigurationList section */

/* Begin XCVersionGroup section */
		8C4495A820AAFB1B00CD9C81 /* OWStats.xcdatamodeld */ = {
			isa = XCVersionGroup;
			children = (
				8C4495A920AAFB1B00CD9C81 /* OWStats.xcdatamodel */,
			);
			currentVersion = 8C4495A920AAFB1B00CD9C81 /* OWStats.xcdatamodel */;
			path = OWStats.xcdatamodeld;
			sourceTree = "<group>";
			versionGroupType = wrapper.xcdatamodel;
		};
/* End XCVersionGroup section */
	};
	rootObject = 8CDC959620A9B02B006E04C0 /* Project object */;
}
